
Microsoft Visual Studio Solution File, Format Version 12.00
# Visual Studio Version 17
VisualStudioVersion = 17.6.33712.159
MinimumVisualStudioVersion = 10.0.40219.1
Project("{FAE04EC0-301F-11D3-BF4B-00C04F79EFBC}") = "Sum", "Sum.csproj", "{C6D180B3-72E1-44B1-B270-DC8A909F903F}"
EndProject
Global
	GlobalSection(SolutionConfigurationPlatforms) = preSolution
		Debug|Any CPU = Debug|Any CPU
		Release|Any CPU = Release|Any CPU
	EndGlobalSection
	GlobalSection(ProjectConfigurationPlatforms) = postSolution
		{C6D180B3-72E1-44B1-B270-DC8A909F903F}.Debug|Any CPU.ActiveCfg = Debug|Any CPU
		{C6D180B3-72E1-44B1-B270-DC8A909F903F}.Debug|Any CPU.Build.0 = Debug|Any CPU
		{C6D180B3-72E1-44B1-B270-DC8A909F903F}.Release|Any CPU.ActiveCfg = Release|Any CPU
		{C6D180B3-72E1-44B1-B270-DC8A909F903F}.Release|Any CPU.Build.0 = Release|Any CPU
	EndGlobalSection
	GlobalSection(SolutionProperties) = preSolution
		HideSolutionNode = FALSE
	EndGlobalSection
	GlobalSection(ExtensibilityGlobals) = postSolution
		SolutionGuid = {6922D141-1F15-4BA1-8159-26F8108F7C7B}
	EndGlobalSection
EndGlobal
